
Microsoft Visual Studio Solution File, Format Version 12.00
# Visual Studio Version 17
VisualStudioVersion = 17.7.34024.191
MinimumVisualStudioVersion = 10.0.40219.1
Project("{FAE04EC0-301F-11D3-BF4B-00C04F79EFBC}") = "RevitAddin_RT2", "RevitAddin_RT2\RevitAddin_RT2.csproj", "{1588554A-3467-4FC5-A9B6-5A66242C7F82}"
EndProject
Global
	GlobalSection(SolutionConfigurationPlatforms) = preSolution
		Debug|Any CPU = Debug|Any CPU
		Release|Any CPU = Release|Any CPU
	EndGlobalSection
	GlobalSection(ProjectConfigurationPlatforms) = postSolution
		{1588554A-3467-4FC5-A9B6-5A66242C7F82}.Debug|Any CPU.ActiveCfg = Debug|Any CPU
		{1588554A-3467-4FC5-A9B6-5A66242C7F82}.Debug|Any CPU.Build.0 = Debug|Any CPU
		{1588554A-3467-4FC5-A9B6-5A66242C7F82}.Release|Any CPU.ActiveCfg = Release|Any CPU
		{1588554A-3467-4FC5-A9B6-5A66242C7F82}.Release|Any CPU.Build.0 = Release|Any CPU
	EndGlobalSection
	GlobalSection(SolutionProperties) = preSolution
		HideSolutionNode = FALSE
	EndGlobalSection
	GlobalSection(ExtensibilityGlobals) = postSolution
		SolutionGuid = {2748D532-A968-494F-90F6-C2DF5FB40692}
	EndGlobalSection
EndGlobal
